
Microsoft Visual Studio Solution File, Format Version 12.00
# Visual Studio 14
VisualStudioVersion = 14.0.25123.0
MinimumVisualStudioVersion = 10.0.40219.1
Project("{8BC9CEB8-8B4A-11D0-8D11-00A0C91BC942}") = "Space Colony", "Space Colony\Space Colony.vcxproj", "{25BA16FC-F375-4E72-8C79-B807D80B43B8}"
	ProjectSection(ProjectDependencies) = postProject
		{D39478CC-C994-429E-AD1A-F6D0B2997D27} = {D39478CC-C994-429E-AD1A-F6D0B2997D27}
	EndProjectSection
EndProject
Project("{8BC9CEB8-8B4A-11D0-8D11-00A0C91BC942}") = "Dyn_API", "..\Dyn_API\Dyn_API\Dyn_API\Dyn_API.vcxproj", "{8C2DCAEE-6F77-4A17-82A9-1052F110A303}"
EndProject
Project("{8BC9CEB8-8B4A-11D0-8D11-00A0C91BC942}") = "Dyn3D", "..\Dyn3D\Dyn3D\Dyn3D\Dyn3D.vcxproj", "{D39478CC-C994-429E-AD1A-F6D0B2997D27}"
EndProject
Global
	GlobalSection(SolutionConfigurationPlatforms) = preSolution
		Debug|x64 = Debug|x64
		Debug|x86 = Debug|x86
		Release|x64 = Release|x64
		Release|x86 = Release|x86
	EndGlobalSection
	GlobalSection(ProjectConfigurationPlatforms) = postSolution
		{25BA16FC-F375-4E72-8C79-B807D80B43B8}.Debug|x64.ActiveCfg = Debug|x64
		{25BA16FC-F375-4E72-8C79-B807D80B43B8}.Debug|x64.Build.0 = Debug|x64
		{25BA16FC-F375-4E72-8C79-B807D80B43B8}.Debug|x86.ActiveCfg = Debug|Win32
		{25BA16FC-F375-4E72-8C79-B807D80B43B8}.Debug|x86.Build.0 = Debug|Win32
		{25BA16FC-F375-4E72-8C79-B807D80B43B8}.Release|x64.ActiveCfg = Release|x64
		{25BA16FC-F375-4E72-8C79-B807D80B43B8}.Release|x64.Build.0 = Release|x64
		{25BA16FC-F375-4E72-8C79-B807D80B43B8}.Release|x86.ActiveCfg = Release|Win32
		{25BA16FC-F375-4E72-8C79-B807D80B43B8}.Release|x86.Build.0 = Release|Win32
		{8C2DCAEE-6F77-4A17-82A9-1052F110A303}.Debug|x64.ActiveCfg = Debug|x64
		{8C2DCAEE-6F77-4A17-82A9-1052F110A303}.Debug|x64.Build.0 = Debug|x64
		{8C2DCAEE-6F77-4A17-82A9-1052F110A303}.Debug|x86.ActiveCfg = Debug|Win32
		{8C2DCAEE-6F77-4A17-82A9-1052F110A303}.Debug|x86.Build.0 = Debug|Win32
		{8C2DCAEE-6F77-4A17-82A9-1052F110A303}.Release|x64.ActiveCfg = Release|x64
		{8C2DCAEE-6F77-4A17-82A9-1052F110A303}.Release|x64.Build.0 = Release|x64
		{8C2DCAEE-6F77-4A17-82A9-1052F110A303}.Release|x86.ActiveCfg = Release|Win32
		{8C2DCAEE-6F77-4A17-82A9-1052F110A303}.Release|x86.Build.0 = Release|Win32
		{D39478CC-C994-429E-AD1A-F6D0B2997D27}.Debug|x64.ActiveCfg = Debug|x64
		{D39478CC-C994-429E-AD1A-F6D0B2997D27}.Debug|x64.Build.0 = Debug|x64
		{D39478CC-C994-429E-AD1A-F6D0B2997D27}.Debug|x86.ActiveCfg = Debug|Win32
		{D39478CC-C994-429E-AD1A-F6D0B2997D27}.Debug|x86.Build.0 = Debug|Win32
		{D39478CC-C994-429E-AD1A-F6D0B2997D27}.Release|x64.ActiveCfg = Release|x64
		{D39478CC-C994-429E-AD1A-F6D0B2997D27}.Release|x64.Build.0 = Release|x64
		{D39478CC-C994-429E-AD1A-F6D0B2997D27}.Release|x86.ActiveCfg = Release|Win32
		{D39478CC-C994-429E-AD1A-F6D0B2997D27}.Release|x86.Build.0 = Release|Win32
	EndGlobalSection
	GlobalSection(SolutionProperties) = preSolution
		HideSolutionNode = FALSE
	EndGlobalSection
EndGlobal
