<?xml version="1.0" encoding="utf-8"?>
<Project ToolsVersion="4.0" xmlns="http://schemas.microsoft.com/developer/msbuild/2003">
  <ItemGroup>
    <Filter Include="Resource Files">
      <UniqueIdentifier>{67DA6AB6-F800-4c08-8B7A-83BB121AAD01}</UniqueIdentifier>
      <Extensions>rc;ico;cur;bmp;dlg;rc2;rct;bin;rgs;gif;jpg;jpeg;jpe;resx;tiff;tif;png;wav;mfcribbon-ms</Extensions>
    </Filter>
  </ItemGroup>
  <ItemGroup>
    <Text Include="ReadMe.txt" />
  </ItemGroup>
  <ItemGroup>
    <ClCompile Include="Code Files\Space Colony.cpp" />
    <ClCompile Include="Modules\Combat Module\Code Files\ShipStats.cpp" />
    <ClCompile Include="Modules\Combat Module\Code Files\ShipTemplate.cpp" />
    <ClCompile Include="Modules\Combat Module\Code Files\Combat Module.cpp" />
    <ClCompile Include="Modules\Combat Module\Code Files\ShipTypeCollection.cpp" />
    <ClCompile Include="Code Files\TypeCounter.cpp" />
    <ClCompile Include="Modules\Combat Module\Code Files\ConflictInstance.cpp" />
    <ClCompile Include="Modules\World Module\Code Files\Planet.cpp" />
    <ClCompile Include="Modules\World Module\Code Files\Construct.cpp" />
    <ClCompile Include="Code Files\Fleet.cpp" />
    <ClCompile Include="Modules\World Module\Code Files\World Module.cpp" />
    <ClCompile Include="Modules\World Module\Code Files\StarSystem.cpp" />
    <ClCompile Include="Modules\World Module\Code Files\StarCluster.cpp" />
    <ClCompile Include="Modules\World Module\Code Files\EconomicFleet.cpp" />
  </ItemGroup>
  <ItemGroup>
    <ClInclude Include="Modules\Combat Module\Headers\Combat Module.h" />
    <ClInclude Include="Modules\Combat Module\Headers\Ship Types\ShipTypeCollection.h" />
    <ClInclude Include="Modules\Combat Module\Headers\Ship Types\Ship Types.h" />
    <ClInclude Include="Modules\Combat Module\Headers\Ship Types\ShipStats.h" />
    <ClInclude Include="Modules\Combat Module\Headers\Ship Types\ShipTemplate.h" />
    <ClInclude Include="Headers\Space Colony.h" />
    <ClInclude Include="Modules\Combat Module\Headers\ConflictInstance.h" />
    <ClInclude Include="Headers\TypeCounter.h" />
    <ClInclude Include="Modules\World Module\Headers\World Module.h" />
    <ClInclude Include="Headers\Fleet.h" />
    <ClInclude Include="Modules\World Module\Headers\Galactic\StarSystem.h" />
    <ClInclude Include="Modules\World Module\Headers\Galactic\Solar\Construct.h" />
    <ClInclude Include="Modules\World Module\Headers\Galactic\Solar\Planet.h" />
    <ClInclude Include="Modules\World Module\Headers\Galactic\Solar\Solar.h" />
    <ClInclude Include="Modules\World Module\Headers\Galactic\Galactic.h" />
    <ClInclude Include="Modules\World Module\Headers\Galactic\StarCluster.h" />
    <ClInclude Include="Modules\World Module\Headers\Galactic\Solar\EconomicFleet.h" />
  </ItemGroup>
</Project>